
Microsoft Visual Studio Solution File, Format Version 12.00
# Visual Studio Version 17
VisualStudioVersion = 17.13.35507.96
MinimumVisualStudioVersion = 10.0.40219.1
Project("{FAE04EC0-301F-11D3-BF4B-00C04F79EFBC}") = "XafNet9Ai.Module", "XafNet9Ai.Module\XafNet9Ai.Module.csproj", "{2F461EED-74D5-CC89-F888-4E3D0B5A766E}"
EndProject
Project("{FAE04EC0-301F-11D3-BF4B-00C04F79EFBC}") = "XafNet9Ai.WebApi", "XafNet9Ai.WebApi\XafNet9Ai.WebApi.csproj", "{923A5909-8D31-4DE2-FBD7-7B0AF8DE56BC}"
EndProject
Project("{FAE04EC0-301F-11D3-BF4B-00C04F79EFBC}") = "XafNet9Ai.Win", "XafNet9Ai.Win\XafNet9Ai.Win.csproj", "{4DEEBA69-F363-3056-1B44-BC983B0003E9}"
EndProject
Project("{FAE04EC0-301F-11D3-BF4B-00C04F79EFBC}") = "XafNet9Ai.Blazor.Server", "XafNet9Ai.Blazor.Server\XafNet9Ai.Blazor.Server.csproj", "{ABEF0D92-10DC-5116-B7CB-9E448033AF0A}"
EndProject
Project("{FAE04EC0-301F-11D3-BF4B-00C04F79EFBC}") = "XafSmartEditors.Razor", "XafSmartEditors.Razor\XafSmartEditors.Razor.csproj", "{BB2C89B9-1ED5-2F96-BE1E-60AAA8666258}"
EndProject
Project("{2150E333-8FDC-42A3-9474-1A3956D46DE8}") = "Solution Items", "Solution Items", "{8EC462FD-D22E-90A8-E5CE-7E832BA40C5D}"
	ProjectSection(SolutionItems) = preProject
		README.md = README.md
	EndProjectSection
EndProject
Global
	GlobalSection(SolutionConfigurationPlatforms) = preSolution
		Debug|Any CPU = Debug|Any CPU
		Debug|x64 = Debug|x64
		EasyTest|Any CPU = EasyTest|Any CPU
		EasyTest|x64 = EasyTest|x64
		Release|Any CPU = Release|Any CPU
		Release|x64 = Release|x64
	EndGlobalSection
	GlobalSection(ProjectConfigurationPlatforms) = postSolution
		{2F461EED-74D5-CC89-F888-4E3D0B5A766E}.Debug|Any CPU.ActiveCfg = Debug|Any CPU
		{2F461EED-74D5-CC89-F888-4E3D0B5A766E}.Debug|Any CPU.Build.0 = Debug|Any CPU
		{2F461EED-74D5-CC89-F888-4E3D0B5A766E}.Debug|x64.ActiveCfg = Debug|x64
		{2F461EED-74D5-CC89-F888-4E3D0B5A766E}.Debug|x64.Build.0 = Debug|x64
		{2F461EED-74D5-CC89-F888-4E3D0B5A766E}.EasyTest|Any CPU.ActiveCfg = EasyTest|Any CPU
		{2F461EED-74D5-CC89-F888-4E3D0B5A766E}.EasyTest|Any CPU.Build.0 = EasyTest|Any CPU
		{2F461EED-74D5-CC89-F888-4E3D0B5A766E}.EasyTest|x64.ActiveCfg = EasyTest|x64
		{2F461EED-74D5-CC89-F888-4E3D0B5A766E}.EasyTest|x64.Build.0 = EasyTest|x64
		{2F461EED-74D5-CC89-F888-4E3D0B5A766E}.Release|Any CPU.ActiveCfg = Release|Any CPU
		{2F461EED-74D5-CC89-F888-4E3D0B5A766E}.Release|Any CPU.Build.0 = Release|Any CPU
		{2F461EED-74D5-CC89-F888-4E3D0B5A766E}.Release|x64.ActiveCfg = Release|x64
		{2F461EED-74D5-CC89-F888-4E3D0B5A766E}.Release|x64.Build.0 = Release|x64
		{923A5909-8D31-4DE2-FBD7-7B0AF8DE56BC}.Debug|Any CPU.ActiveCfg = Debug|Any CPU
		{923A5909-8D31-4DE2-FBD7-7B0AF8DE56BC}.Debug|Any CPU.Build.0 = Debug|Any CPU
		{923A5909-8D31-4DE2-FBD7-7B0AF8DE56BC}.Debug|x64.ActiveCfg = Debug|x64
		{923A5909-8D31-4DE2-FBD7-7B0AF8DE56BC}.Debug|x64.Build.0 = Debug|x64
		{923A5909-8D31-4DE2-FBD7-7B0AF8DE56BC}.EasyTest|Any CPU.ActiveCfg = EasyTest|Any CPU
		{923A5909-8D31-4DE2-FBD7-7B0AF8DE56BC}.EasyTest|Any CPU.Build.0 = EasyTest|Any CPU
		{923A5909-8D31-4DE2-FBD7-7B0AF8DE56BC}.EasyTest|x64.ActiveCfg = EasyTest|x64
		{923A5909-8D31-4DE2-FBD7-7B0AF8DE56BC}.EasyTest|x64.Build.0 = EasyTest|x64
		{923A5909-8D31-4DE2-FBD7-7B0AF8DE56BC}.Release|Any CPU.ActiveCfg = Release|Any CPU
		{923A5909-8D31-4DE2-FBD7-7B0AF8DE56BC}.Release|Any CPU.Build.0 = Release|Any CPU
		{923A5909-8D31-4DE2-FBD7-7B0AF8DE56BC}.Release|x64.ActiveCfg = Release|x64
		{923A5909-8D31-4DE2-FBD7-7B0AF8DE56BC}.Release|x64.Build.0 = Release|x64
		{4DEEBA69-F363-3056-1B44-BC983B0003E9}.Debug|Any CPU.ActiveCfg = Debug|Any CPU
		{4DEEBA69-F363-3056-1B44-BC983B0003E9}.Debug|Any CPU.Build.0 = Debug|Any CPU
		{4DEEBA69-F363-3056-1B44-BC983B0003E9}.Debug|x64.ActiveCfg = Debug|x64
		{4DEEBA69-F363-3056-1B44-BC983B0003E9}.Debug|x64.Build.0 = Debug|x64
		{4DEEBA69-F363-3056-1B44-BC983B0003E9}.EasyTest|Any CPU.ActiveCfg = EasyTest|Any CPU
		{4DEEBA69-F363-3056-1B44-BC983B0003E9}.EasyTest|Any CPU.Build.0 = EasyTest|Any CPU
		{4DEEBA69-F363-3056-1B44-BC983B0003E9}.EasyTest|x64.ActiveCfg = EasyTest|x64
		{4DEEBA69-F363-3056-1B44-BC983B0003E9}.EasyTest|x64.Build.0 = EasyTest|x64
		{4DEEBA69-F363-3056-1B44-BC983B0003E9}.Release|Any CPU.ActiveCfg = Release|Any CPU
		{4DEEBA69-F363-3056-1B44-BC983B0003E9}.Release|Any CPU.Build.0 = Release|Any CPU
		{4DEEBA69-F363-3056-1B44-BC983B0003E9}.Release|x64.ActiveCfg = Release|x64
		{4DEEBA69-F363-3056-1B44-BC983B0003E9}.Release|x64.Build.0 = Release|x64
		{ABEF0D92-10DC-5116-B7CB-9E448033AF0A}.Debug|Any CPU.ActiveCfg = Debug|Any CPU
		{ABEF0D92-10DC-5116-B7CB-9E448033AF0A}.Debug|Any CPU.Build.0 = Debug|Any CPU
		{ABEF0D92-10DC-5116-B7CB-9E448033AF0A}.Debug|x64.ActiveCfg = Debug|x64
		{ABEF0D92-10DC-5116-B7CB-9E448033AF0A}.Debug|x64.Build.0 = Debug|x64
		{ABEF0D92-10DC-5116-B7CB-9E448033AF0A}.EasyTest|Any CPU.ActiveCfg = EasyTest|Any CPU
		{ABEF0D92-10DC-5116-B7CB-9E448033AF0A}.EasyTest|Any CPU.Build.0 = EasyTest|Any CPU
		{ABEF0D92-10DC-5116-B7CB-9E448033AF0A}.EasyTest|x64.ActiveCfg = EasyTest|x64
		{ABEF0D92-10DC-5116-B7CB-9E448033AF0A}.EasyTest|x64.Build.0 = EasyTest|x64
		{ABEF0D92-10DC-5116-B7CB-9E448033AF0A}.Release|Any CPU.ActiveCfg = Release|Any CPU
		{ABEF0D92-10DC-5116-B7CB-9E448033AF0A}.Release|Any CPU.Build.0 = Release|Any CPU
		{ABEF0D92-10DC-5116-B7CB-9E448033AF0A}.Release|x64.ActiveCfg = Release|x64
		{ABEF0D92-10DC-5116-B7CB-9E448033AF0A}.Release|x64.Build.0 = Release|x64
		{BB2C89B9-1ED5-2F96-BE1E-60AAA8666258}.Debug|Any CPU.ActiveCfg = Debug|Any CPU
		{BB2C89B9-1ED5-2F96-BE1E-60AAA8666258}.Debug|Any CPU.Build.0 = Debug|Any CPU
		{BB2C89B9-1ED5-2F96-BE1E-60AAA8666258}.Debug|x64.ActiveCfg = Debug|x64
		{BB2C89B9-1ED5-2F96-BE1E-60AAA8666258}.Debug|x64.Build.0 = Debug|x64
		{BB2C89B9-1ED5-2F96-BE1E-60AAA8666258}.EasyTest|Any CPU.ActiveCfg = Debug|Any CPU
		{BB2C89B9-1ED5-2F96-BE1E-60AAA8666258}.EasyTest|Any CPU.Build.0 = Debug|Any CPU
		{BB2C89B9-1ED5-2F96-BE1E-60AAA8666258}.EasyTest|x64.ActiveCfg = Debug|x64
		{BB2C89B9-1ED5-2F96-BE1E-60AAA8666258}.EasyTest|x64.Build.0 = Debug|x64
		{BB2C89B9-1ED5-2F96-BE1E-60AAA8666258}.Release|Any CPU.ActiveCfg = Release|Any CPU
		{BB2C89B9-1ED5-2F96-BE1E-60AAA8666258}.Release|Any CPU.Build.0 = Release|Any CPU
		{BB2C89B9-1ED5-2F96-BE1E-60AAA8666258}.Release|x64.ActiveCfg = Release|x64
		{BB2C89B9-1ED5-2F96-BE1E-60AAA8666258}.Release|x64.Build.0 = Release|x64
	EndGlobalSection
	GlobalSection(SolutionProperties) = preSolution
		HideSolutionNode = FALSE
	EndGlobalSection
	GlobalSection(ExtensibilityGlobals) = postSolution
		SolutionGuid = {F4D6702E-5E6D-4449-9BBE-E714F7307B14}
	EndGlobalSection
EndGlobal
